
Microsoft Visual Studio Solution File, Format Version 12.00
# Visual Studio Version 16
VisualStudioVersion = 16.0.29503.13
MinimumVisualStudioVersion = 10.0.40219.1
Project("{FAE04EC0-301F-11D3-BF4B-00C04F79EFBC}") = "iMSIPConfig", "iMSIPConfig.csproj", "{09908800-BAD2-4268-9E11-B0E77D674047}"
EndProject
Global
	GlobalSection(SolutionConfigurationPlatforms) = preSolution
		Debug|Any CPU = Debug|Any CPU
		Release|Any CPU = Release|Any CPU
	EndGlobalSection
	GlobalSection(ProjectConfigurationPlatforms) = postSolution
		{09908800-BAD2-4268-9E11-B0E77D674047}.Debug|Any CPU.ActiveCfg = Debug|Any CPU
		{09908800-BAD2-4268-9E11-B0E77D674047}.Debug|Any CPU.Build.0 = Debug|Any CPU
		{09908800-BAD2-4268-9E11-B0E77D674047}.Release|Any CPU.ActiveCfg = Release|Any CPU
		{09908800-BAD2-4268-9E11-B0E77D674047}.Release|Any CPU.Build.0 = Release|Any CPU
	EndGlobalSection
	GlobalSection(SolutionProperties) = preSolution
		HideSolutionNode = FALSE
	EndGlobalSection
	GlobalSection(ExtensibilityGlobals) = postSolution
		SolutionGuid = {84DDF2FC-76D3-4CD9-A649-04D1B4CB64BC}
	EndGlobalSection
EndGlobal
